
Microsoft Visual Studio Solution File, Format Version 12.00
# Visual Studio Version 17
VisualStudioVersion = 17.5.33424.131
MinimumVisualStudioVersion = 10.0.40219.1
Project("{9A19103F-16F7-4668-BE54-9A1E7A4F7556}") = "RabbitMQ-Publisher", "RabbitMQ-Publisher\RabbitMQ-Publisher.csproj", "{AEF300A9-8BEB-4B00-B071-0FA8F96BBD58}"
EndProject
Project("{9A19103F-16F7-4668-BE54-9A1E7A4F7556}") = "RabbitMQ-Subscriber", "RabbitMQ-Subscriber\RabbitMQ-Subscriber.csproj", "{BB63FF04-3EE0-4C1C-9620-9CD7713C465A}"
EndProject
Project("{9A19103F-16F7-4668-BE54-9A1E7A4F7556}") = "RabbitMQ-Common", "RabbitMQ-Common\RabbitMQ-Common.csproj", "{D8625F5E-38E8-433A-B7C8-5B6D1D490C51}"
EndProject
Project("{9A19103F-16F7-4668-BE54-9A1E7A4F7556}") = "RabbitMQ.Web.Watermark", "RabbitMQ.Web.Watermark\RabbitMQ.Web.Watermark.csproj", "{2CC811CB-1F8D-4409-ADAE-4C1F41C381FA}"
EndProject
Project("{9A19103F-16F7-4668-BE54-9A1E7A4F7556}") = "RabbitMQ.Web.Excel", "RabbitMQ.Web.Excel\RabbitMQ.Web.Excel.csproj", "{39D40DA8-16A5-4A89-974E-DED1FF0E67F9}"
EndProject
Project("{FAE04EC0-301F-11D3-BF4B-00C04F79EFBC}") = "FileCreateWorkerService", "FileCreateWorkerService\FileCreateWorkerService.csproj", "{D10D5272-0828-4FA8-9F5B-AEB9FF4E4A6F}"
EndProject
Global
	GlobalSection(SolutionConfigurationPlatforms) = preSolution
		Debug|Any CPU = Debug|Any CPU
		Release|Any CPU = Release|Any CPU
	EndGlobalSection
	GlobalSection(ProjectConfigurationPlatforms) = postSolution
		{AEF300A9-8BEB-4B00-B071-0FA8F96BBD58}.Debug|Any CPU.ActiveCfg = Debug|Any CPU
		{AEF300A9-8BEB-4B00-B071-0FA8F96BBD58}.Debug|Any CPU.Build.0 = Debug|Any CPU
		{AEF300A9-8BEB-4B00-B071-0FA8F96BBD58}.Release|Any CPU.ActiveCfg = Release|Any CPU
		{AEF300A9-8BEB-4B00-B071-0FA8F96BBD58}.Release|Any CPU.Build.0 = Release|Any CPU
		{BB63FF04-3EE0-4C1C-9620-9CD7713C465A}.Debug|Any CPU.ActiveCfg = Debug|Any CPU
		{BB63FF04-3EE0-4C1C-9620-9CD7713C465A}.Debug|Any CPU.Build.0 = Debug|Any CPU
		{BB63FF04-3EE0-4C1C-9620-9CD7713C465A}.Release|Any CPU.ActiveCfg = Release|Any CPU
		{BB63FF04-3EE0-4C1C-9620-9CD7713C465A}.Release|Any CPU.Build.0 = Release|Any CPU
		{D8625F5E-38E8-433A-B7C8-5B6D1D490C51}.Debug|Any CPU.ActiveCfg = Debug|Any CPU
		{D8625F5E-38E8-433A-B7C8-5B6D1D490C51}.Debug|Any CPU.Build.0 = Debug|Any CPU
		{D8625F5E-38E8-433A-B7C8-5B6D1D490C51}.Release|Any CPU.ActiveCfg = Release|Any CPU
		{D8625F5E-38E8-433A-B7C8-5B6D1D490C51}.Release|Any CPU.Build.0 = Release|Any CPU
		{2CC811CB-1F8D-4409-ADAE-4C1F41C381FA}.Debug|Any CPU.ActiveCfg = Debug|Any CPU
		{2CC811CB-1F8D-4409-ADAE-4C1F41C381FA}.Debug|Any CPU.Build.0 = Debug|Any CPU
		{2CC811CB-1F8D-4409-ADAE-4C1F41C381FA}.Release|Any CPU.ActiveCfg = Release|Any CPU
		{2CC811CB-1F8D-4409-ADAE-4C1F41C381FA}.Release|Any CPU.Build.0 = Release|Any CPU
		{39D40DA8-16A5-4A89-974E-DED1FF0E67F9}.Debug|Any CPU.ActiveCfg = Debug|Any CPU
		{39D40DA8-16A5-4A89-974E-DED1FF0E67F9}.Debug|Any CPU.Build.0 = Debug|Any CPU
		{39D40DA8-16A5-4A89-974E-DED1FF0E67F9}.Release|Any CPU.ActiveCfg = Release|Any CPU
		{39D40DA8-16A5-4A89-974E-DED1FF0E67F9}.Release|Any CPU.Build.0 = Release|Any CPU
		{D10D5272-0828-4FA8-9F5B-AEB9FF4E4A6F}.Debug|Any CPU.ActiveCfg = Debug|Any CPU
		{D10D5272-0828-4FA8-9F5B-AEB9FF4E4A6F}.Debug|Any CPU.Build.0 = Debug|Any CPU
		{D10D5272-0828-4FA8-9F5B-AEB9FF4E4A6F}.Release|Any CPU.ActiveCfg = Release|Any CPU
		{D10D5272-0828-4FA8-9F5B-AEB9FF4E4A6F}.Release|Any CPU.Build.0 = Release|Any CPU
	EndGlobalSection
	GlobalSection(SolutionProperties) = preSolution
		HideSolutionNode = FALSE
	EndGlobalSection
	GlobalSection(ExtensibilityGlobals) = postSolution
		SolutionGuid = {19193AF6-5CE7-41AE-BFE6-C4A489472CAE}
	EndGlobalSection
EndGlobal
